
Microsoft Visual Studio Solution File, Format Version 12.00
# Visual Studio Version 16
VisualStudioVersion = 16.0.30011.22
MinimumVisualStudioVersion = 10.0.40219.1
Project("{FAE04EC0-301F-11D3-BF4B-00C04F79EFBC}") = "CookiesAuth", "CookiesAuth.csproj", "{FC97BC36-7DC2-4421-B368-DE009E2C5AE2}"
EndProject
Global
	GlobalSection(SolutionConfigurationPlatforms) = preSolution
		Debug|Any CPU = Debug|Any CPU
		Release|Any CPU = Release|Any CPU
	EndGlobalSection
	GlobalSection(ProjectConfigurationPlatforms) = postSolution
		{FC97BC36-7DC2-4421-B368-DE009E2C5AE2}.Debug|Any CPU.ActiveCfg = Debug|Any CPU
		{FC97BC36-7DC2-4421-B368-DE009E2C5AE2}.Debug|Any CPU.Build.0 = Debug|Any CPU
		{FC97BC36-7DC2-4421-B368-DE009E2C5AE2}.Release|Any CPU.ActiveCfg = Release|Any CPU
		{FC97BC36-7DC2-4421-B368-DE009E2C5AE2}.Release|Any CPU.Build.0 = Release|Any CPU
	EndGlobalSection
	GlobalSection(SolutionProperties) = preSolution
		HideSolutionNode = FALSE
	EndGlobalSection
	GlobalSection(ExtensibilityGlobals) = postSolution
		SolutionGuid = {A90AD173-D892-47C8-92AF-53C8602C7DEE}
	EndGlobalSection
EndGlobal
